
Microsoft Visual Studio Solution File, Format Version 12.00
# Visual Studio Version 17
VisualStudioVersion = 17.0.32014.148
MinimumVisualStudioVersion = 10.0.40219.1
Project("{2150E333-8FDC-42A3-9474-1A3956D46DE8}") = "src", "src", "{07F1D046-30D4-442F-B37C-53042078EB35}"
EndProject
Project("{2150E333-8FDC-42A3-9474-1A3956D46DE8}") = "ApiGateways", "ApiGateways", "{37A13354-A109-4B4E-9558-5CA23A148179}"
EndProject
Project("{2150E333-8FDC-42A3-9474-1A3956D46DE8}") = "Clients", "Clients", "{79C36716-F07C-4746-99FE-70F51AAFCB5A}"
EndProject
Project("{2150E333-8FDC-42A3-9474-1A3956D46DE8}") = "ReactWebApp", "ReactWebApp", "{89CC08F3-E96A-4AE1-97AE-FAF7DB46A5FF}"
EndProject
Project("{2150E333-8FDC-42A3-9474-1A3956D46DE8}") = "Microservices", "Microservices", "{351A693E-AA98-4702-8604-B1EA88E3F524}"
EndProject
Project("{2150E333-8FDC-42A3-9474-1A3956D46DE8}") = "BuildingBlocks", "BuildingBlocks", "{65C59FFE-35ED-4AE9-9064-0C0D6D16CCB5}"
EndProject
Global
	GlobalSection(SolutionProperties) = preSolution
		HideSolutionNode = FALSE
	EndGlobalSection
	GlobalSection(NestedProjects) = preSolution
		{37A13354-A109-4B4E-9558-5CA23A148179} = {07F1D046-30D4-442F-B37C-53042078EB35}
		{79C36716-F07C-4746-99FE-70F51AAFCB5A} = {07F1D046-30D4-442F-B37C-53042078EB35}
		{89CC08F3-E96A-4AE1-97AE-FAF7DB46A5FF} = {79C36716-F07C-4746-99FE-70F51AAFCB5A}
		{351A693E-AA98-4702-8604-B1EA88E3F524} = {07F1D046-30D4-442F-B37C-53042078EB35}
		{65C59FFE-35ED-4AE9-9064-0C0D6D16CCB5} = {07F1D046-30D4-442F-B37C-53042078EB35}
	EndGlobalSection
	GlobalSection(ExtensibilityGlobals) = postSolution
		SolutionGuid = {58675BDA-8F5A-4D8A-ACB2-50664523C17F}
	EndGlobalSection
EndGlobal
